Microsoft Visual Studio Solution File, Format Version 12.00
# Visual Studio Version 16
VisualStudioVersion = 16.0.28516.95
MinimumVisualStudioVersion = 10.0.40219.1
Project("{9A19103F-16F7-4668-BE54-9A1E7A4F7556}") = "BlowFish", "BlowFish\BlowFish.csproj", "{A57057B0-1C9F-48F8-80B9-A2E6FBEBD5DB}"
EndProject
Project("{9A19103F-16F7-4668-BE54-9A1E7A4F7556}") = "GenericPluginLoader", "GenericPluginLoader\GenericPluginLoader.csproj", "{59C13BBC-756B-496C-AB81-CEE25BA514FC}"
EndProject
Project("{9A19103F-16F7-4668-BE54-9A1E7A4F7556}") = "MessageManager", "MessageManager\MessageManager.csproj", "{0CCC2158-3B4B-4EDD-B472-50CF5A777816}"
EndProject
Project("{9A19103F-16F7-4668-BE54-9A1E7A4F7556}") = "MiniDump", "MiniDump\MiniDump.csproj", "{9C3AD73D-2828-4B6C-9073-A8FFE07C02B9}"
EndProject
Project("{9A19103F-16F7-4668-BE54-9A1E7A4F7556}") = "zlib.managed", "zlib.managed\zlib.managed.csproj", "{CAEBF5B2-7D31-4134-A64B-826FDF3C8FD2}"
EndProject
Project("{9A19103F-16F7-4668-BE54-9A1E7A4F7556}") = "ZipAssembly", "ZipAssembly\ZipAssembly.csproj", "{FFB8B106-438B-4BF6-AD0F-DDA46A1DFEE7}"
EndProject
Project("{9A19103F-16F7-4668-BE54-9A1E7A4F7556}") = "XmlAbstraction", "XmlAbstraction\src\XmlAbstraction\src\XmlAbstraction.csproj", "{56C2BA66-35A6-46C3-BC29-E3AA7ABBEA6B}"
EndProject
Project("{9A19103F-16F7-4668-BE54-9A1E7A4F7556}") = "SettingsFile", "SettingsFile\SettingsFile.csproj", "{835F58D6-2FB7-446D-8913-E136978E8DB3}"
EndProject
Project("{9A19103F-16F7-4668-BE54-9A1E7A4F7556}") = "ReleasePackaging", "ReleasePackaging\ReleasePackaging.csproj", "{8BDB658E-2EA8-4B49-B0AA-A3945193F306}"
EndProject
Project("{9A19103F-16F7-4668-BE54-9A1E7A4F7556}") = "PluginUpdateCheck", "PluginUpdateCheck\PluginUpdateCheck.csproj", "{E72EEBB4-5DB1-4EEE-A6C9-E5D7D9E43688}"
EndProject
Project("{9A19103F-16F7-4668-BE54-9A1E7A4F7556}") = "PluginFramework", "PluginFramework\PluginFramework.csproj", "{19F5E012-5706-4E8F-95E7-1AF4F37929D3}"
EndProject
Project("{9A19103F-16F7-4668-BE54-9A1E7A4F7556}") = "newsmake", "newsmake\newsmake\newsmake.csproj", "{DAE6832F-960F-4896-B70C-8F1D43E1EB1D}"
EndProject
Project("{9A19103F-16F7-4668-BE54-9A1E7A4F7556}") = "AraHaan.GitInformation", "GitInformation\src\GitInformation\AraHaan.GitInformation.csproj", "{4F30525F-FA64-43DD-901B-0B594A7403E8}"
EndProject
Project("{9A19103F-16F7-4668-BE54-9A1E7A4F7556}") = "GitBuildInfo", "GitBuildInfo\GitBuildInfo.csproj", "{A06598FB-9F37-44F9-8C6B-15ED1F2D43A7}"
EndProject
Project("{2150E333-8FDC-42A3-9474-1A3956D46DE8}") = "Level 1", "Level 1", "{A78CE233-17F4-4E45-90FF-CC6325D6637A}"
EndProject
Project("{2150E333-8FDC-42A3-9474-1A3956D46DE8}") = "Level 2", "Level 2", "{3FB5AEBE-1BFF-42DA-9F61-C420CE7F77D8}"
EndProject
Project("{2150E333-8FDC-42A3-9474-1A3956D46DE8}") = "Level 0", "Level 0", "{DCD84CCB-E4E3-4BDE-BBC9-50ED0725D92F}"
EndProject
Project("{2150E333-8FDC-42A3-9474-1A3956D46DE8}") = "Level 3", "Level 3", "{61BECDE0-B8B5-4450-83C5-FD9BA6A41733}"
EndProject
Global
	GlobalSection(SolutionConfigurationPlatforms) = preSolution
		Debug|Any CPU = Debug|Any CPU
		Release|Any CPU = Release|Any CPU
	EndGlobalSection
	GlobalSection(ProjectConfigurationPlatforms) = postSolution
		{A57057B0-1C9F-48F8-80B9-A2E6FBEBD5DB}.Debug|Any CPU.ActiveCfg = Debug|Any CPU
		{A57057B0-1C9F-48F8-80B9-A2E6FBEBD5DB}.Debug|Any CPU.Build.0 = Debug|Any CPU
		{A57057B0-1C9F-48F8-80B9-A2E6FBEBD5DB}.Release|Any CPU.ActiveCfg = Release|Any CPU
		{A57057B0-1C9F-48F8-80B9-A2E6FBEBD5DB}.Release|Any CPU.Build.0 = Release|Any CPU
		{59C13BBC-756B-496C-AB81-CEE25BA514FC}.Debug|Any CPU.ActiveCfg = Debug|Any CPU
		{59C13BBC-756B-496C-AB81-CEE25BA514FC}.Debug|Any CPU.Build.0 = Debug|Any CPU
		{59C13BBC-756B-496C-AB81-CEE25BA514FC}.Release|Any CPU.ActiveCfg = Release|Any CPU
		{59C13BBC-756B-496C-AB81-CEE25BA514FC}.Release|Any CPU.Build.0 = Release|Any CPU
		{0CCC2158-3B4B-4EDD-B472-50CF5A777816}.Debug|Any CPU.ActiveCfg = Debug|Any CPU
		{0CCC2158-3B4B-4EDD-B472-50CF5A777816}.Debug|Any CPU.Build.0 = Debug|Any CPU
		{0CCC2158-3B4B-4EDD-B472-50CF5A777816}.Release|Any CPU.ActiveCfg = Release|Any CPU
		{0CCC2158-3B4B-4EDD-B472-50CF5A777816}.Release|Any CPU.Build.0 = Release|Any CPU
		{9C3AD73D-2828-4B6C-9073-A8FFE07C02B9}.Debug|Any CPU.ActiveCfg = Debug|Any CPU
		{9C3AD73D-2828-4B6C-9073-A8FFE07C02B9}.Debug|Any CPU.Build.0 = Debug|Any CPU
		{9C3AD73D-2828-4B6C-9073-A8FFE07C02B9}.Release|Any CPU.ActiveCfg = Release|Any CPU
		{9C3AD73D-2828-4B6C-9073-A8FFE07C02B9}.Release|Any CPU.Build.0 = Release|Any CPU
		{CAEBF5B2-7D31-4134-A64B-826FDF3C8FD2}.Debug|Any CPU.ActiveCfg = Debug|Any CPU
		{CAEBF5B2-7D31-4134-A64B-826FDF3C8FD2}.Debug|Any CPU.Build.0 = Debug|Any CPU
		{CAEBF5B2-7D31-4134-A64B-826FDF3C8FD2}.Release|Any CPU.ActiveCfg = Release|Any CPU
		{CAEBF5B2-7D31-4134-A64B-826FDF3C8FD2}.Release|Any CPU.Build.0 = Release|Any CPU
		{FFB8B106-438B-4BF6-AD0F-DDA46A1DFEE7}.Debug|Any CPU.ActiveCfg = Debug|Any CPU
		{FFB8B106-438B-4BF6-AD0F-DDA46A1DFEE7}.Debug|Any CPU.Build.0 = Debug|Any CPU
		{FFB8B106-438B-4BF6-AD0F-DDA46A1DFEE7}.Release|Any CPU.ActiveCfg = Release|Any CPU
		{FFB8B106-438B-4BF6-AD0F-DDA46A1DFEE7}.Release|Any CPU.Build.0 = Release|Any CPU
		{56C2BA66-35A6-46C3-BC29-E3AA7ABBEA6B}.Debug|Any CPU.ActiveCfg = Debug|Any CPU
		{56C2BA66-35A6-46C3-BC29-E3AA7ABBEA6B}.Debug|Any CPU.Build.0 = Debug|Any CPU
		{56C2BA66-35A6-46C3-BC29-E3AA7ABBEA6B}.Release|Any CPU.ActiveCfg = Release|Any CPU
		{56C2BA66-35A6-46C3-BC29-E3AA7ABBEA6B}.Release|Any CPU.Build.0 = Release|Any CPU
		{835F58D6-2FB7-446D-8913-E136978E8DB3}.Debug|Any CPU.ActiveCfg = Debug|Any CPU
		{835F58D6-2FB7-446D-8913-E136978E8DB3}.Debug|Any CPU.Build.0 = Debug|Any CPU
		{835F58D6-2FB7-446D-8913-E136978E8DB3}.Release|Any CPU.ActiveCfg = Release|Any CPU
		{835F58D6-2FB7-446D-8913-E136978E8DB3}.Release|Any CPU.Build.0 = Release|Any CPU
		{8BDB658E-2EA8-4B49-B0AA-A3945193F306}.Debug|Any CPU.ActiveCfg = Debug|Any CPU
		{8BDB658E-2EA8-4B49-B0AA-A3945193F306}.Debug|Any CPU.Build.0 = Debug|Any CPU
		{8BDB658E-2EA8-4B49-B0AA-A3945193F306}.Release|Any CPU.ActiveCfg = Release|Any CPU
		{8BDB658E-2EA8-4B49-B0AA-A3945193F306}.Release|Any CPU.Build.0 = Release|Any CPU
		{E72EEBB4-5DB1-4EEE-A6C9-E5D7D9E43688}.Debug|Any CPU.ActiveCfg = Debug|Any CPU
		{E72EEBB4-5DB1-4EEE-A6C9-E5D7D9E43688}.Debug|Any CPU.Build.0 = Debug|Any CPU
		{E72EEBB4-5DB1-4EEE-A6C9-E5D7D9E43688}.Release|Any CPU.ActiveCfg = Release|Any CPU
		{E72EEBB4-5DB1-4EEE-A6C9-E5D7D9E43688}.Release|Any CPU.Build.0 = Release|Any CPU
		{19F5E012-5706-4E8F-95E7-1AF4F37929D3}.Debug|Any CPU.ActiveCfg = Debug|Any CPU
		{19F5E012-5706-4E8F-95E7-1AF4F37929D3}.Debug|Any CPU.Build.0 = Debug|Any CPU
		{19F5E012-5706-4E8F-95E7-1AF4F37929D3}.Release|Any CPU.ActiveCfg = Release|Any CPU
		{19F5E012-5706-4E8F-95E7-1AF4F37929D3}.Release|Any CPU.Build.0 = Release|Any CPU
		{DAE6832F-960F-4896-B70C-8F1D43E1EB1D}.Debug|Any CPU.ActiveCfg = Debug|Any CPU
		{DAE6832F-960F-4896-B70C-8F1D43E1EB1D}.Debug|Any CPU.Build.0 = Debug|Any CPU
		{DAE6832F-960F-4896-B70C-8F1D43E1EB1D}.Release|Any CPU.ActiveCfg = Release|Any CPU
		{DAE6832F-960F-4896-B70C-8F1D43E1EB1D}.Release|Any CPU.Build.0 = Release|Any CPU
		{4F30525F-FA64-43DD-901B-0B594A7403E8}.Debug|Any CPU.ActiveCfg = Debug|Any CPU
		{4F30525F-FA64-43DD-901B-0B594A7403E8}.Debug|Any CPU.Build.0 = Debug|Any CPU
		{4F30525F-FA64-43DD-901B-0B594A7403E8}.Release|Any CPU.ActiveCfg = Release|Any CPU
		{4F30525F-FA64-43DD-901B-0B594A7403E8}.Release|Any CPU.Build.0 = Release|Any CPU
		{A06598FB-9F37-44F9-8C6B-15ED1F2D43A7}.Debug|Any CPU.ActiveCfg = Debug|Any CPU
		{A06598FB-9F37-44F9-8C6B-15ED1F2D43A7}.Debug|Any CPU.Build.0 = Debug|Any CPU
		{A06598FB-9F37-44F9-8C6B-15ED1F2D43A7}.Release|Any CPU.ActiveCfg = Release|Any CPU
		{A06598FB-9F37-44F9-8C6B-15ED1F2D43A7}.Release|Any CPU.Build.0 = Release|Any CPU
	EndGlobalSection
	GlobalSection(SolutionProperties) = preSolution
		HideSolutionNode = FALSE
	EndGlobalSection
	GlobalSection(NestedProjects) = preSolution
		{A57057B0-1C9F-48F8-80B9-A2E6FBEBD5DB} = {A78CE233-17F4-4E45-90FF-CC6325D6637A}
		{59C13BBC-756B-496C-AB81-CEE25BA514FC} = {3FB5AEBE-1BFF-42DA-9F61-C420CE7F77D8}
		{0CCC2158-3B4B-4EDD-B472-50CF5A777816} = {A78CE233-17F4-4E45-90FF-CC6325D6637A}
		{9C3AD73D-2828-4B6C-9073-A8FFE07C02B9} = {61BECDE0-B8B5-4450-83C5-FD9BA6A41733}
		{CAEBF5B2-7D31-4134-A64B-826FDF3C8FD2} = {A78CE233-17F4-4E45-90FF-CC6325D6637A}
		{FFB8B106-438B-4BF6-AD0F-DDA46A1DFEE7} = {A78CE233-17F4-4E45-90FF-CC6325D6637A}
		{56C2BA66-35A6-46C3-BC29-E3AA7ABBEA6B} = {A78CE233-17F4-4E45-90FF-CC6325D6637A}
		{835F58D6-2FB7-446D-8913-E136978E8DB3} = {3FB5AEBE-1BFF-42DA-9F61-C420CE7F77D8}
		{8BDB658E-2EA8-4B49-B0AA-A3945193F306} = {A78CE233-17F4-4E45-90FF-CC6325D6637A}
		{E72EEBB4-5DB1-4EEE-A6C9-E5D7D9E43688} = {61BECDE0-B8B5-4450-83C5-FD9BA6A41733}
		{19F5E012-5706-4E8F-95E7-1AF4F37929D3} = {61BECDE0-B8B5-4450-83C5-FD9BA6A41733}
		{4F30525F-FA64-43DD-901B-0B594A7403E8} = {DCD84CCB-E4E3-4BDE-BBC9-50ED0725D92F}
		{A06598FB-9F37-44F9-8C6B-15ED1F2D43A7} = {DCD84CCB-E4E3-4BDE-BBC9-50ED0725D92F}
	EndGlobalSection
	GlobalSection(ExtensibilityGlobals) = postSolution
		SolutionGuid = {AE022F12-D088-439B-8AD2-EAAF2FE7C6C0}
	EndGlobalSection
EndGlobal
