
Microsoft Visual Studio Solution File, Format Version 12.00
# Visual Studio Version 16
VisualStudioVersion = 16.0.28803.156
MinimumVisualStudioVersion = 10.0.40219.1
Project("{9A19103F-16F7-4668-BE54-9A1E7A4F7556}") = "XmlAbstraction", "src\XmlAbstraction.csproj", "{EBD7DF91-1659-4F12-8120-D6966680E363}"
EndProject
Project("{9A19103F-16F7-4668-BE54-9A1E7A4F7556}") = "XmlAbstraction.Test", "test\XmlAbstraction.Test.csproj", "{E4409179-F366-4688-A2B9-EC29A9EBA944}"
EndProject
Project("{9A19103F-16F7-4668-BE54-9A1E7A4F7556}") = "XmlAbstraction.Benchmark", "benchmarks\XmlAbstraction.Benchmark.csproj", "{6E4332B7-1DB2-4CE7-BB89-5634D7D3553D}"
EndProject
Global
	GlobalSection(SolutionConfigurationPlatforms) = preSolution
		Debug|Any CPU = Debug|Any CPU
		Release|Any CPU = Release|Any CPU
	EndGlobalSection
	GlobalSection(ProjectConfigurationPlatforms) = postSolution
		{EBD7DF91-1659-4F12-8120-D6966680E363}.Debug|Any CPU.ActiveCfg = Debug|Any CPU
		{EBD7DF91-1659-4F12-8120-D6966680E363}.Debug|Any CPU.Build.0 = Debug|Any CPU
		{EBD7DF91-1659-4F12-8120-D6966680E363}.Release|Any CPU.ActiveCfg = Release|Any CPU
		{EBD7DF91-1659-4F12-8120-D6966680E363}.Release|Any CPU.Build.0 = Release|Any CPU
		{E4409179-F366-4688-A2B9-EC29A9EBA944}.Debug|Any CPU.ActiveCfg = Debug|Any CPU
		{E4409179-F366-4688-A2B9-EC29A9EBA944}.Debug|Any CPU.Build.0 = Debug|Any CPU
		{E4409179-F366-4688-A2B9-EC29A9EBA944}.Release|Any CPU.ActiveCfg = Release|Any CPU
		{E4409179-F366-4688-A2B9-EC29A9EBA944}.Release|Any CPU.Build.0 = Release|Any CPU
		{6E4332B7-1DB2-4CE7-BB89-5634D7D3553D}.Debug|Any CPU.ActiveCfg = Debug|Any CPU
		{6E4332B7-1DB2-4CE7-BB89-5634D7D3553D}.Debug|Any CPU.Build.0 = Debug|Any CPU
		{6E4332B7-1DB2-4CE7-BB89-5634D7D3553D}.Release|Any CPU.ActiveCfg = Release|Any CPU
		{6E4332B7-1DB2-4CE7-BB89-5634D7D3553D}.Release|Any CPU.Build.0 = Release|Any CPU
	EndGlobalSection
	GlobalSection(SolutionProperties) = preSolution
		HideSolutionNode = FALSE
	EndGlobalSection
	GlobalSection(ExtensibilityGlobals) = postSolution
		SolutionGuid = {9E970951-1EAE-41C4-A233-1383EC24EFE8}
	EndGlobalSection
EndGlobal
